
Microsoft Visual Studio Solution File, Format Version 12.00
# Visual Studio Version 17
VisualStudioVersion = 17.0.31903.59
MinimumVisualStudioVersion = 10.0.40219.1
Project("{2150E333-8FDC-42A3-9474-1A3956D46DE8}") = "src", "src", "{827E0CD3-B72D-47B6-A68D-7590B98EB39B}"
EndProject
Project("{FAE04EC0-301F-11D3-BF4B-00C04F79EFBC}") = "OpenCallMesh.Audio.Abstractions", "src\OpenCallMesh.Audio.Abstractions\OpenCallMesh.Audio.Abstractions.csproj", "{F6BDC8BC-2330-4E67-A62A-4221586C9FAC}"
EndProject
Project("{FAE04EC0-301F-11D3-BF4B-00C04F79EFBC}") = "OpenCallMesh.Audio.Windows", "src\OpenCallMesh.Audio.Windows\OpenCallMesh.Audio.Windows.csproj", "{AD108A5D-4EB0-45E2-9CFC-2C26D95CDBC3}"
EndProject
Project("{FAE04EC0-301F-11D3-BF4B-00C04F79EFBC}") = "OpenCallMesh.Protocol", "src\OpenCallMesh.Protocol\OpenCallMesh.Protocol.csproj", "{8223E180-4865-468A-B3FC-C746559D6464}"
EndProject
Project("{FAE04EC0-301F-11D3-BF4B-00C04F79EFBC}") = "OpenCallMesh.Transport", "src\OpenCallMesh.Transport\OpenCallMesh.Transport.csproj", "{77ED00DC-3DA3-4B49-AB69-65D2577779C7}"
EndProject
Project("{FAE04EC0-301F-11D3-BF4B-00C04F79EFBC}") = "OpenCallMesh.Controller", "src\OpenCallMesh.Controller\OpenCallMesh.Controller.csproj", "{D563677D-CD4E-470A-A35E-87B4AD14166B}"
EndProject
Project("{FAE04EC0-301F-11D3-BF4B-00C04F79EFBC}") = "OpenCallMesh.Agent", "src\OpenCallMesh.Agent\OpenCallMesh.Agent.csproj", "{84C617A1-2369-427A-A9F3-8B1498144110}"
EndProject
Project("{FAE04EC0-301F-11D3-BF4B-00C04F79EFBC}") = "OpenCallMesh.Core", "src\OpenCallMesh.Core\OpenCallMesh.Core.csproj", "{1A30FFA9-04AC-4A90-A78D-1E0E01E65044}"
EndProject
Project("{FAE04EC0-301F-11D3-BF4B-00C04F79EFBC}") = "OpenCallMesh.Domain", "src\OpenCallMesh.Domain\OpenCallMesh.Domain.csproj", "{55ACB1CC-3B9A-4A93-825B-B2E5E6BB9FC2}"
EndProject
Project("{FAE04EC0-301F-11D3-BF4B-00C04F79EFBC}") = "OpenCallMesh.Diagnostics", "src\OpenCallMesh.Diagnostics\OpenCallMesh.Diagnostics.csproj", "{6790449D-743E-4369-87CF-526C98B6F8B9}"
EndProject
Project("{FAE04EC0-301F-11D3-BF4B-00C04F79EFBC}") = "OpenCallMesh.Core.Tests", "tests\OpenCallMesh.Core.Tests\OpenCallMesh.Core.Tests.csproj", "{3FBC2EA0-37CA-4F4D-A39D-1A5C9043DD74}"
EndProject
Project("{FAE04EC0-301F-11D3-BF4B-00C04F79EFBC}") = "OpenCallMesh.Protocol.Tests", "tests\OpenCallMesh.Protocol.Tests\OpenCallMesh.Protocol.Tests.csproj", "{28A3297D-0F6A-40A8-ADDB-C7E13CF57D19}"
EndProject
Project("{FAE04EC0-301F-11D3-BF4B-00C04F79EFBC}") = "OpenCallMesh.Transport.Tests", "tests\OpenCallMesh.Transport.Tests\OpenCallMesh.Transport.Tests.csproj", "{C8D80D2D-29DA-4B74-B1EA-DEB0A6932E70}"
EndProject
Global
	GlobalSection(SolutionConfigurationPlatforms) = preSolution
		Debug|Any CPU = Debug|Any CPU
		Debug|x64 = Debug|x64
		Debug|x86 = Debug|x86
		Release|Any CPU = Release|Any CPU
		Release|x64 = Release|x64
		Release|x86 = Release|x86
	EndGlobalSection
	GlobalSection(ProjectConfigurationPlatforms) = postSolution
		{F6BDC8BC-2330-4E67-A62A-4221586C9FAC}.Debug|Any CPU.ActiveCfg = Debug|Any CPU
		{F6BDC8BC-2330-4E67-A62A-4221586C9FAC}.Debug|Any CPU.Build.0 = Debug|Any CPU
		{F6BDC8BC-2330-4E67-A62A-4221586C9FAC}.Debug|x64.ActiveCfg = Debug|Any CPU
		{F6BDC8BC-2330-4E67-A62A-4221586C9FAC}.Debug|x64.Build.0 = Debug|Any CPU
		{F6BDC8BC-2330-4E67-A62A-4221586C9FAC}.Debug|x86.ActiveCfg = Debug|Any CPU
		{F6BDC8BC-2330-4E67-A62A-4221586C9FAC}.Debug|x86.Build.0 = Debug|Any CPU
		{F6BDC8BC-2330-4E67-A62A-4221586C9FAC}.Release|Any CPU.ActiveCfg = Release|Any CPU
		{F6BDC8BC-2330-4E67-A62A-4221586C9FAC}.Release|Any CPU.Build.0 = Release|Any CPU
		{F6BDC8BC-2330-4E67-A62A-4221586C9FAC}.Release|x64.ActiveCfg = Release|Any CPU
		{F6BDC8BC-2330-4E67-A62A-4221586C9FAC}.Release|x64.Build.0 = Release|Any CPU
		{F6BDC8BC-2330-4E67-A62A-4221586C9FAC}.Release|x86.ActiveCfg = Release|Any CPU
		{F6BDC8BC-2330-4E67-A62A-4221586C9FAC}.Release|x86.Build.0 = Release|Any CPU
		{AD108A5D-4EB0-45E2-9CFC-2C26D95CDBC3}.Debug|Any CPU.ActiveCfg = Debug|Any CPU
		{AD108A5D-4EB0-45E2-9CFC-2C26D95CDBC3}.Debug|Any CPU.Build.0 = Debug|Any CPU
		{AD108A5D-4EB0-45E2-9CFC-2C26D95CDBC3}.Debug|x64.ActiveCfg = Debug|Any CPU
		{AD108A5D-4EB0-45E2-9CFC-2C26D95CDBC3}.Debug|x64.Build.0 = Debug|Any CPU
		{AD108A5D-4EB0-45E2-9CFC-2C26D95CDBC3}.Debug|x86.ActiveCfg = Debug|Any CPU
		{AD108A5D-4EB0-45E2-9CFC-2C26D95CDBC3}.Debug|x86.Build.0 = Debug|Any CPU
		{AD108A5D-4EB0-45E2-9CFC-2C26D95CDBC3}.Release|Any CPU.ActiveCfg = Release|Any CPU
		{AD108A5D-4EB0-45E2-9CFC-2C26D95CDBC3}.Release|Any CPU.Build.0 = Release|Any CPU
		{AD108A5D-4EB0-45E2-9CFC-2C26D95CDBC3}.Release|x64.ActiveCfg = Release|Any CPU
		{AD108A5D-4EB0-45E2-9CFC-2C26D95CDBC3}.Release|x64.Build.0 = Release|Any CPU
		{AD108A5D-4EB0-45E2-9CFC-2C26D95CDBC3}.Release|x86.ActiveCfg = Release|Any CPU
		{AD108A5D-4EB0-45E2-9CFC-2C26D95CDBC3}.Release|x86.Build.0 = Release|Any CPU
		{8223E180-4865-468A-B3FC-C746559D6464}.Debug|Any CPU.ActiveCfg = Debug|Any CPU
		{8223E180-4865-468A-B3FC-C746559D6464}.Debug|Any CPU.Build.0 = Debug|Any CPU
		{8223E180-4865-468A-B3FC-C746559D6464}.Debug|x64.ActiveCfg = Debug|Any CPU
		{8223E180-4865-468A-B3FC-C746559D6464}.Debug|x64.Build.0 = Debug|Any CPU
		{8223E180-4865-468A-B3FC-C746559D6464}.Debug|x86.ActiveCfg = Debug|Any CPU
		{8223E180-4865-468A-B3FC-C746559D6464}.Debug|x86.Build.0 = Debug|Any CPU
		{8223E180-4865-468A-B3FC-C746559D6464}.Release|Any CPU.ActiveCfg = Release|Any CPU
		{8223E180-4865-468A-B3FC-C746559D6464}.Release|Any CPU.Build.0 = Release|Any CPU
		{8223E180-4865-468A-B3FC-C746559D6464}.Release|x64.ActiveCfg = Release|Any CPU
		{8223E180-4865-468A-B3FC-C746559D6464}.Release|x64.Build.0 = Release|Any CPU
		{8223E180-4865-468A-B3FC-C746559D6464}.Release|x86.ActiveCfg = Release|Any CPU
		{8223E180-4865-468A-B3FC-C746559D6464}.Release|x86.Build.0 = Release|Any CPU
		{77ED00DC-3DA3-4B49-AB69-65D2577779C7}.Debug|Any CPU.ActiveCfg = Debug|Any CPU
		{77ED00DC-3DA3-4B49-AB69-65D2577779C7}.Debug|Any CPU.Build.0 = Debug|Any CPU
		{77ED00DC-3DA3-4B49-AB69-65D2577779C7}.Debug|x64.ActiveCfg = Debug|Any CPU
		{77ED00DC-3DA3-4B49-AB69-65D2577779C7}.Debug|x64.Build.0 = Debug|Any CPU
		{77ED00DC-3DA3-4B49-AB69-65D2577779C7}.Debug|x86.ActiveCfg = Debug|Any CPU
		{77ED00DC-3DA3-4B49-AB69-65D2577779C7}.Debug|x86.Build.0 = Debug|Any CPU
		{77ED00DC-3DA3-4B49-AB69-65D2577779C7}.Release|Any CPU.ActiveCfg = Release|Any CPU
		{77ED00DC-3DA3-4B49-AB69-65D2577779C7}.Release|Any CPU.Build.0 = Release|Any CPU
		{77ED00DC-3DA3-4B49-AB69-65D2577779C7}.Release|x64.ActiveCfg = Release|Any CPU
		{77ED00DC-3DA3-4B49-AB69-65D2577779C7}.Release|x64.Build.0 = Release|Any CPU
		{77ED00DC-3DA3-4B49-AB69-65D2577779C7}.Release|x86.ActiveCfg = Release|Any CPU
		{77ED00DC-3DA3-4B49-AB69-65D2577779C7}.Release|x86.Build.0 = Release|Any CPU
		{D563677D-CD4E-470A-A35E-87B4AD14166B}.Debug|Any CPU.ActiveCfg = Debug|Any CPU
		{D563677D-CD4E-470A-A35E-87B4AD14166B}.Debug|Any CPU.Build.0 = Debug|Any CPU
		{D563677D-CD4E-470A-A35E-87B4AD14166B}.Debug|x64.ActiveCfg = Debug|Any CPU
		{D563677D-CD4E-470A-A35E-87B4AD14166B}.Debug|x64.Build.0 = Debug|Any CPU
		{D563677D-CD4E-470A-A35E-87B4AD14166B}.Debug|x86.ActiveCfg = Debug|Any CPU
		{D563677D-CD4E-470A-A35E-87B4AD14166B}.Debug|x86.Build.0 = Debug|Any CPU
		{D563677D-CD4E-470A-A35E-87B4AD14166B}.Release|Any CPU.ActiveCfg = Release|Any CPU
		{D563677D-CD4E-470A-A35E-87B4AD14166B}.Release|Any CPU.Build.0 = Release|Any CPU
		{D563677D-CD4E-470A-A35E-87B4AD14166B}.Release|x64.ActiveCfg = Release|Any CPU
		{D563677D-CD4E-470A-A35E-87B4AD14166B}.Release|x64.Build.0 = Release|Any CPU
		{D563677D-CD4E-470A-A35E-87B4AD14166B}.Release|x86.ActiveCfg = Release|Any CPU
		{D563677D-CD4E-470A-A35E-87B4AD14166B}.Release|x86.Build.0 = Release|Any CPU
		{84C617A1-2369-427A-A9F3-8B1498144110}.Debug|Any CPU.ActiveCfg = Debug|Any CPU
		{84C617A1-2369-427A-A9F3-8B1498144110}.Debug|Any CPU.Build.0 = Debug|Any CPU
		{84C617A1-2369-427A-A9F3-8B1498144110}.Debug|x64.ActiveCfg = Debug|Any CPU
		{84C617A1-2369-427A-A9F3-8B1498144110}.Debug|x64.Build.0 = Debug|Any CPU
		{84C617A1-2369-427A-A9F3-8B1498144110}.Debug|x86.ActiveCfg = Debug|Any CPU
		{84C617A1-2369-427A-A9F3-8B1498144110}.Debug|x86.Build.0 = Debug|Any CPU
		{84C617A1-2369-427A-A9F3-8B1498144110}.Release|Any CPU.ActiveCfg = Release|Any CPU
		{84C617A1-2369-427A-A9F3-8B1498144110}.Release|Any CPU.Build.0 = Release|Any CPU
		{84C617A1-2369-427A-A9F3-8B1498144110}.Release|x64.ActiveCfg = Release|Any CPU
		{84C617A1-2369-427A-A9F3-8B1498144110}.Release|x64.Build.0 = Release|Any CPU
		{84C617A1-2369-427A-A9F3-8B1498144110}.Release|x86.ActiveCfg = Release|Any CPU
		{84C617A1-2369-427A-A9F3-8B1498144110}.Release|x86.Build.0 = Release|Any CPU
		{1A30FFA9-04AC-4A90-A78D-1E0E01E65044}.Debug|Any CPU.ActiveCfg = Debug|Any CPU
		{1A30FFA9-04AC-4A90-A78D-1E0E01E65044}.Debug|Any CPU.Build.0 = Debug|Any CPU
		{1A30FFA9-04AC-4A90-A78D-1E0E01E65044}.Debug|x64.ActiveCfg = Debug|Any CPU
		{1A30FFA9-04AC-4A90-A78D-1E0E01E65044}.Debug|x64.Build.0 = Debug|Any CPU
		{1A30FFA9-04AC-4A90-A78D-1E0E01E65044}.Debug|x86.ActiveCfg = Debug|Any CPU
		{1A30FFA9-04AC-4A90-A78D-1E0E01E65044}.Debug|x86.Build.0 = Debug|Any CPU
		{1A30FFA9-04AC-4A90-A78D-1E0E01E65044}.Release|Any CPU.ActiveCfg = Release|Any CPU
		{1A30FFA9-04AC-4A90-A78D-1E0E01E65044}.Release|Any CPU.Build.0 = Release|Any CPU
		{1A30FFA9-04AC-4A90-A78D-1E0E01E65044}.Release|x64.ActiveCfg = Release|Any CPU
		{1A30FFA9-04AC-4A90-A78D-1E0E01E65044}.Release|x64.Build.0 = Release|Any CPU
		{1A30FFA9-04AC-4A90-A78D-1E0E01E65044}.Release|x86.ActiveCfg = Release|Any CPU
		{1A30FFA9-04AC-4A90-A78D-1E0E01E65044}.Release|x86.Build.0 = Release|Any CPU
		{55ACB1CC-3B9A-4A93-825B-B2E5E6BB9FC2}.Debug|Any CPU.ActiveCfg = Debug|Any CPU
		{55ACB1CC-3B9A-4A93-825B-B2E5E6BB9FC2}.Debug|Any CPU.Build.0 = Debug|Any CPU
		{55ACB1CC-3B9A-4A93-825B-B2E5E6BB9FC2}.Debug|x64.ActiveCfg = Debug|Any CPU
		{55ACB1CC-3B9A-4A93-825B-B2E5E6BB9FC2}.Debug|x64.Build.0 = Debug|Any CPU
		{55ACB1CC-3B9A-4A93-825B-B2E5E6BB9FC2}.Debug|x86.ActiveCfg = Debug|Any CPU
		{55ACB1CC-3B9A-4A93-825B-B2E5E6BB9FC2}.Debug|x86.Build.0 = Debug|Any CPU
		{55ACB1CC-3B9A-4A93-825B-B2E5E6BB9FC2}.Release|Any CPU.ActiveCfg = Release|Any CPU
		{55ACB1CC-3B9A-4A93-825B-B2E5E6BB9FC2}.Release|Any CPU.Build.0 = Release|Any CPU
		{55ACB1CC-3B9A-4A93-825B-B2E5E6BB9FC2}.Release|x64.ActiveCfg = Release|Any CPU
		{55ACB1CC-3B9A-4A93-825B-B2E5E6BB9FC2}.Release|x64.Build.0 = Release|Any CPU
		{55ACB1CC-3B9A-4A93-825B-B2E5E6BB9FC2}.Release|x86.ActiveCfg = Release|Any CPU
		{55ACB1CC-3B9A-4A93-825B-B2E5E6BB9FC2}.Release|x86.Build.0 = Release|Any CPU
		{6790449D-743E-4369-87CF-526C98B6F8B9}.Debug|Any CPU.ActiveCfg = Debug|Any CPU
		{6790449D-743E-4369-87CF-526C98B6F8B9}.Debug|Any CPU.Build.0 = Debug|Any CPU
		{6790449D-743E-4369-87CF-526C98B6F8B9}.Debug|x64.ActiveCfg = Debug|Any CPU
		{6790449D-743E-4369-87CF-526C98B6F8B9}.Debug|x64.Build.0 = Debug|Any CPU
		{6790449D-743E-4369-87CF-526C98B6F8B9}.Debug|x86.ActiveCfg = Debug|Any CPU
		{6790449D-743E-4369-87CF-526C98B6F8B9}.Debug|x86.Build.0 = Debug|Any CPU
		{6790449D-743E-4369-87CF-526C98B6F8B9}.Release|Any CPU.ActiveCfg = Release|Any CPU
		{6790449D-743E-4369-87CF-526C98B6F8B9}.Release|Any CPU.Build.0 = Release|Any CPU
		{6790449D-743E-4369-87CF-526C98B6F8B9}.Release|x64.ActiveCfg = Release|Any CPU
		{6790449D-743E-4369-87CF-526C98B6F8B9}.Release|x64.Build.0 = Release|Any CPU
		{6790449D-743E-4369-87CF-526C98B6F8B9}.Release|x86.ActiveCfg = Release|Any CPU
		{6790449D-743E-4369-87CF-526C98B6F8B9}.Release|x86.Build.0 = Release|Any CPU
		{3FBC2EA0-37CA-4F4D-A39D-1A5C9043DD74}.Debug|Any CPU.ActiveCfg = Debug|Any CPU
		{3FBC2EA0-37CA-4F4D-A39D-1A5C9043DD74}.Debug|Any CPU.Build.0 = Debug|Any CPU
		{3FBC2EA0-37CA-4F4D-A39D-1A5C9043DD74}.Debug|x64.ActiveCfg = Debug|Any CPU
		{3FBC2EA0-37CA-4F4D-A39D-1A5C9043DD74}.Debug|x64.Build.0 = Debug|Any CPU
		{3FBC2EA0-37CA-4F4D-A39D-1A5C9043DD74}.Debug|x86.ActiveCfg = Debug|Any CPU
		{3FBC2EA0-37CA-4F4D-A39D-1A5C9043DD74}.Debug|x86.Build.0 = Debug|Any CPU
		{3FBC2EA0-37CA-4F4D-A39D-1A5C9043DD74}.Release|Any CPU.ActiveCfg = Release|Any CPU
		{3FBC2EA0-37CA-4F4D-A39D-1A5C9043DD74}.Release|Any CPU.Build.0 = Release|Any CPU
		{3FBC2EA0-37CA-4F4D-A39D-1A5C9043DD74}.Release|x64.ActiveCfg = Release|Any CPU
		{3FBC2EA0-37CA-4F4D-A39D-1A5C9043DD74}.Release|x64.Build.0 = Release|Any CPU
		{3FBC2EA0-37CA-4F4D-A39D-1A5C9043DD74}.Release|x86.ActiveCfg = Release|Any CPU
		{3FBC2EA0-37CA-4F4D-A39D-1A5C9043DD74}.Release|x86.Build.0 = Release|Any CPU
		{28A3297D-0F6A-40A8-ADDB-C7E13CF57D19}.Debug|Any CPU.ActiveCfg = Debug|Any CPU
		{28A3297D-0F6A-40A8-ADDB-C7E13CF57D19}.Debug|Any CPU.Build.0 = Debug|Any CPU
		{28A3297D-0F6A-40A8-ADDB-C7E13CF57D19}.Debug|x64.ActiveCfg = Debug|Any CPU
		{28A3297D-0F6A-40A8-ADDB-C7E13CF57D19}.Debug|x64.Build.0 = Debug|Any CPU
		{28A3297D-0F6A-40A8-ADDB-C7E13CF57D19}.Debug|x86.ActiveCfg = Debug|Any CPU
		{28A3297D-0F6A-40A8-ADDB-C7E13CF57D19}.Debug|x86.Build.0 = Debug|Any CPU
		{28A3297D-0F6A-40A8-ADDB-C7E13CF57D19}.Release|Any CPU.ActiveCfg = Release|Any CPU
		{28A3297D-0F6A-40A8-ADDB-C7E13CF57D19}.Release|Any CPU.Build.0 = Release|Any CPU
		{28A3297D-0F6A-40A8-ADDB-C7E13CF57D19}.Release|x64.ActiveCfg = Release|Any CPU
		{28A3297D-0F6A-40A8-ADDB-C7E13CF57D19}.Release|x64.Build.0 = Release|Any CPU
		{28A3297D-0F6A-40A8-ADDB-C7E13CF57D19}.Release|x86.ActiveCfg = Release|Any CPU
		{28A3297D-0F6A-40A8-ADDB-C7E13CF57D19}.Release|x86.Build.0 = Release|Any CPU
		{C8D80D2D-29DA-4B74-B1EA-DEB0A6932E70}.Debug|Any CPU.ActiveCfg = Debug|Any CPU
		{C8D80D2D-29DA-4B74-B1EA-DEB0A6932E70}.Debug|Any CPU.Build.0 = Debug|Any CPU
		{C8D80D2D-29DA-4B74-B1EA-DEB0A6932E70}.Debug|x64.ActiveCfg = Debug|Any CPU
		{C8D80D2D-29DA-4B74-B1EA-DEB0A6932E70}.Debug|x64.Build.0 = Debug|Any CPU
		{C8D80D2D-29DA-4B74-B1EA-DEB0A6932E70}.Debug|x86.ActiveCfg = Debug|Any CPU
		{C8D80D2D-29DA-4B74-B1EA-DEB0A6932E70}.Debug|x86.Build.0 = Debug|Any CPU
		{C8D80D2D-29DA-4B74-B1EA-DEB0A6932E70}.Release|Any CPU.ActiveCfg = Release|Any CPU
		{C8D80D2D-29DA-4B74-B1EA-DEB0A6932E70}.Release|Any CPU.Build.0 = Release|Any CPU
		{C8D80D2D-29DA-4B74-B1EA-DEB0A6932E70}.Release|x64.ActiveCfg = Release|Any CPU
		{C8D80D2D-29DA-4B74-B1EA-DEB0A6932E70}.Release|x64.Build.0 = Release|Any CPU
		{C8D80D2D-29DA-4B74-B1EA-DEB0A6932E70}.Release|x86.ActiveCfg = Release|Any CPU
		{C8D80D2D-29DA-4B74-B1EA-DEB0A6932E70}.Release|x86.Build.0 = Release|Any CPU
	EndGlobalSection
	GlobalSection(SolutionProperties) = preSolution
		HideSolutionNode = FALSE
	EndGlobalSection
	GlobalSection(NestedProjects) = preSolution
		{F6BDC8BC-2330-4E67-A62A-4221586C9FAC} = {827E0CD3-B72D-47B6-A68D-7590B98EB39B}
		{AD108A5D-4EB0-45E2-9CFC-2C26D95CDBC3} = {827E0CD3-B72D-47B6-A68D-7590B98EB39B}
		{8223E180-4865-468A-B3FC-C746559D6464} = {827E0CD3-B72D-47B6-A68D-7590B98EB39B}
		{77ED00DC-3DA3-4B49-AB69-65D2577779C7} = {827E0CD3-B72D-47B6-A68D-7590B98EB39B}
		{D563677D-CD4E-470A-A35E-87B4AD14166B} = {827E0CD3-B72D-47B6-A68D-7590B98EB39B}
		{84C617A1-2369-427A-A9F3-8B1498144110} = {827E0CD3-B72D-47B6-A68D-7590B98EB39B}
		{1A30FFA9-04AC-4A90-A78D-1E0E01E65044} = {827E0CD3-B72D-47B6-A68D-7590B98EB39B}
		{55ACB1CC-3B9A-4A93-825B-B2E5E6BB9FC2} = {827E0CD3-B72D-47B6-A68D-7590B98EB39B}
		{6790449D-743E-4369-87CF-526C98B6F8B9} = {827E0CD3-B72D-47B6-A68D-7590B98EB39B}
		{3FBC2EA0-37CA-4F4D-A39D-1A5C9043DD74} = {827E0CD3-B72D-47B6-A68D-7590B98EB39B}
		{28A3297D-0F6A-40A8-ADDB-C7E13CF57D19} = {827E0CD3-B72D-47B6-A68D-7590B98EB39B}
		{C8D80D2D-29DA-4B74-B1EA-DEB0A6932E70} = {827E0CD3-B72D-47B6-A68D-7590B98EB39B}
	EndGlobalSection
EndGlobal
